// !$*UTF8*$!
{
	archiveVersion = 1;
	classes = {
	};
	objectVersion = 56;
	objects = {

/* Begin PBXBuildFile section */
		142979E52BCD989C000686D5 /* TaskRepository.swift in Sources */ = {isa = PBXBuildFile; fileRef = 142979E42BCD989C000686D5 /* TaskRepository.swift */; };
		142979E72BCEB8EC000686D5 /* Binding.swift in Sources */ = {isa = PBXBuildFile; fileRef = 142979E62BCEB8EC000686D5 /* Binding.swift */; };
		142979E92BCEE56E000686D5 /* CheckBox.swift in Sources */ = {isa = PBXBuildFile; fileRef = 142979E82BCEE56E000686D5 /* CheckBox.swift */; };
		142979EB2BD01B66000686D5 /* TaskViewController.swift in Sources */ = {isa = PBXBuildFile; fileRef = 142979EA2BD01B66000686D5 /* TaskViewController.swift */; };
		142979EE2BD02771000686D5 /* TaskViewModel.swift in Sources */ = {isa = PBXBuildFile; fileRef = 142979ED2BD02771000686D5 /* TaskViewModel.swift */; };
		142979F02BD027A9000686D5 /* Coordinator.swift in Sources */ = {isa = PBXBuildFile; fileRef = 142979EF2BD027A9000686D5 /* Coordinator.swift */; };
		142979F22BD02805000686D5 /* AppCoordinator.swift in Sources */ = {isa = PBXBuildFile; fileRef = 142979F12BD02805000686D5 /* AppCoordinator.swift */; };
		148390612BCC48E300C72FFE /* AppDelegate.swift in Sources */ = {isa = PBXBuildFile; fileRef = 148390602BCC48E300C72FFE /* AppDelegate.swift */; };
		148390632BCC48E300C72FFE /* SceneDelegate.swift in Sources */ = {isa = PBXBuildFile; fileRef = 148390622BCC48E300C72FFE /* SceneDelegate.swift */; };
		148390652BCC48E300C72FFE /* ListViewController.swift in Sources */ = {isa = PBXBuildFile; fileRef = 148390642BCC48E300C72FFE /* ListViewController.swift */; };
		1483906A2BCC48E500C72FFE /* Assets.xcassets in Resources */ = {isa = PBXBuildFile; fileRef = 148390692BCC48E500C72FFE /* Assets.xcassets */; };
		1483906D2BCC48E500C72FFE /* LaunchScreen.storyboard in Resources */ = {isa = PBXBuildFile; fileRef = 1483906B2BCC48E500C72FFE /* LaunchScreen.storyboard */; };
		148390782BCC4DC700C72FFE /* RealmSwift in Frameworks */ = {isa = PBXBuildFile; productRef = 148390772BCC4DC700C72FFE /* RealmSwift */; };
		1483907D2BCC4E7A00C72FFE /* TaskCell.swift in Sources */ = {isa = PBXBuildFile; fileRef = 1483907C2BCC4E7A00C72FFE /* TaskCell.swift */; };
		1483907F2BCC4EEF00C72FFE /* ListViewModel.swift in Sources */ = {isa = PBXBuildFile; fileRef = 1483907E2BCC4EEF00C72FFE /* ListViewModel.swift */; };
		148390822BCC587500C72FFE /* TaskObject.swift in Sources */ = {isa = PBXBuildFile; fileRef = 148390812BCC587500C72FFE /* TaskObject.swift */; };
		148390852BCC5DF700C72FFE /* TaskDTO.swift in Sources */ = {isa = PBXBuildFile; fileRef = 148390842BCC5DF700C72FFE /* TaskDTO.swift */; };
		148390872BCC611700C72FFE /* StorageService.swift in Sources */ = {isa = PBXBuildFile; fileRef = 148390862BCC611700C72FFE /* StorageService.swift */; };
		14C287A72BED4DCF00C67F28 /* RealToDoTests.swift in Sources */ = {isa = PBXBuildFile; fileRef = 14C287A62BED4DCF00C67F28 /* RealToDoTests.swift */; };
		14C287B42BF5276000C67F28 /* RealToDoUITests.swift in Sources */ = {isa = PBXBuildFile; fileRef = 14C287B32BF5276000C67F28 /* RealToDoUITests.swift */; };
		14C287B62BF5276000C67F28 /* RealToDoUITestsLaunchTests.swift in Sources */ = {isa = PBXBuildFile; fileRef = 14C287B52BF5276000C67F28 /* RealToDoUITestsLaunchTests.swift */; };
		14F441372BF52C56008490E5 /* Realm in Frameworks */ = {isa = PBXBuildFile; productRef = 14F441362BF52C56008490E5 /* Realm */; };
		14F441382BF52C56008490E5 /* Realm in Embed Frameworks */ = {isa = PBXBuildFile; productRef = 14F441362BF52C56008490E5 /* Realm */; settings = {ATTRIBUTES = (CodeSignOnCopy, ); }; };
/* End PBXBuildFile section */

/* Begin PBXContainerItemProxy section */
		14C287A82BED4DCF00C67F28 /* PBXContainerItemProxy */ = {
			isa = PBXContainerItemProxy;
			containerPortal = 148390552BCC48E300C72FFE /* Project object */;
			proxyType = 1;
			remoteGlobalIDString = 1483905C2BCC48E300C72FFE;
			remoteInfo = RealToDo;
		};
		14C287B72BF5276000C67F28 /* PBXContainerItemProxy */ = {
			isa = PBXContainerItemProxy;
			containerPortal = 148390552BCC48E300C72FFE /* Project object */;
			proxyType = 1;
			remoteGlobalIDString = 1483905C2BCC48E300C72FFE;
			remoteInfo = RealToDo;
		};
/* End PBXContainerItemProxy section */

/* Begin PBXCopyFilesBuildPhase section */
		14C287BF2BF52A7000C67F28 /* Embed Frameworks */ = {
			isa = PBXCopyFilesBuildPhase;
			buildActionMask = 2147483647;
			dstPath = "";
			dstSubfolderSpec = 10;
			files = (
				14F441382BF52C56008490E5 /* Realm in Embed Frameworks */,
			);
			name = "Embed Frameworks";
			runOnlyForDeploymentPostprocessing = 0;
		};
		14F441312BF52BF1008490E5 /* Embed Frameworks */ = {
			isa = PBXCopyFilesBuildPhase;
			buildActionMask = 2147483647;
			dstPath = "";
			dstSubfolderSpec = 10;
			files = (
			);
			name = "Embed Frameworks";
			runOnlyForDeploymentPostprocessing = 0;
		};
/* End PBXCopyFilesBuildPhase section */

/* Begin PBXFileReference section */
		142979E42BCD989C000686D5 /* TaskRepository.swift */ = {isa = PBXFileReference; lastKnownFileType = sourcecode.swift; path = TaskRepository.swift; sourceTree = "<group>"; };
		142979E62BCEB8EC000686D5 /* Binding.swift */ = {isa = PBXFileReference; lastKnownFileType = sourcecode.swift; path = Binding.swift; sourceTree = "<group>"; };
		142979E82BCEE56E000686D5 /* CheckBox.swift */ = {isa = PBXFileReference; lastKnownFileType = sourcecode.swift; path = CheckBox.swift; sourceTree = "<group>"; };
		142979EA2BD01B66000686D5 /* TaskViewController.swift */ = {isa = PBXFileReference; lastKnownFileType = sourcecode.swift; path = TaskViewController.swift; sourceTree = "<group>"; };
		142979ED2BD02771000686D5 /* TaskViewModel.swift */ = {isa = PBXFileReference; lastKnownFileType = sourcecode.swift; path = TaskViewModel.swift; sourceTree = "<group>"; };
		142979EF2BD027A9000686D5 /* Coordinator.swift */ = {isa = PBXFileReference; lastKnownFileType = sourcecode.swift; path = Coordinator.swift; sourceTree = "<group>"; };
		142979F12BD02805000686D5 /* AppCoordinator.swift */ = {isa = PBXFileReference; lastKnownFileType = sourcecode.swift; path = AppCoordinator.swift; sourceTree = "<group>"; };
		1483905D2BCC48E300C72FFE /* RealToDo.app */ = {isa = PBXFileReference; explicitFileType = wrapper.application; includeInIndex = 0; path = RealToDo.app; sourceTree = BUILT_PRODUCTS_DIR; };
		148390602BCC48E300C72FFE /* AppDelegate.swift */ = {isa = PBXFileReference; lastKnownFileType = sourcecode.swift; path = AppDelegate.swift; sourceTree = "<group>"; };
		148390622BCC48E300C72FFE /* SceneDelegate.swift */ = {isa = PBXFileReference; lastKnownFileType = sourcecode.swift; path = SceneDelegate.swift; sourceTree = "<group>"; };
		148390642BCC48E300C72FFE /* ListViewController.swift */ = {isa = PBXFileReference; lastKnownFileType = sourcecode.swift; path = ListViewController.swift; sourceTree = "<group>"; };
		148390692BCC48E500C72FFE /* Assets.xcassets */ = {isa = PBXFileReference; lastKnownFileType = folder.assetcatalog; path = Assets.xcassets; sourceTree = "<group>"; };
		1483906C2BCC48E500C72FFE /* Base */ = {isa = PBXFileReference; lastKnownFileType = file.storyboard; name = Base; path = Base.lproj/LaunchScreen.storyboard; sourceTree = "<group>"; };
		1483906E2BCC48E500C72FFE /* Info.plist */ = {isa = PBXFileReference; lastKnownFileType = text.plist.xml; path = Info.plist; sourceTree = "<group>"; };
		1483907C2BCC4E7A00C72FFE /* TaskCell.swift */ = {isa = PBXFileReference; lastKnownFileType = sourcecode.swift; path = TaskCell.swift; sourceTree = "<group>"; };
		1483907E2BCC4EEF00C72FFE /* ListViewModel.swift */ = {isa = PBXFileReference; lastKnownFileType = sourcecode.swift; path = ListViewModel.swift; sourceTree = "<group>"; };
		148390812BCC587500C72FFE /* TaskObject.swift */ = {isa = PBXFileReference; lastKnownFileType = sourcecode.swift; path = TaskObject.swift; sourceTree = "<group>"; };
		148390842BCC5DF700C72FFE /* TaskDTO.swift */ = {isa = PBXFileReference; lastKnownFileType = sourcecode.swift; path = TaskDTO.swift; sourceTree = "<group>"; };
		148390862BCC611700C72FFE /* StorageService.swift */ = {isa = PBXFileReference; lastKnownFileType = sourcecode.swift; path = StorageService.swift; sourceTree = "<group>"; };
		14C287A42BED4DCE00C67F28 /* RealToDoTests.xctest */ = {isa = PBXFileReference; explicitFileType = wrapper.cfbundle; includeInIndex = 0; path = RealToDoTests.xctest; sourceTree = BUILT_PRODUCTS_DIR; };
		14C287A62BED4DCF00C67F28 /* RealToDoTests.swift */ = {isa = PBXFileReference; lastKnownFileType = sourcecode.swift; path = RealToDoTests.swift; sourceTree = "<group>"; };
		14C287B12BF5276000C67F28 /* RealToDoUITests.xctest */ = {isa = PBXFileReference; explicitFileType = wrapper.cfbundle; includeInIndex = 0; path = RealToDoUITests.xctest; sourceTree = BUILT_PRODUCTS_DIR; };
		14C287B32BF5276000C67F28 /* RealToDoUITests.swift */ = {isa = PBXFileReference; lastKnownFileType = sourcecode.swift; path = RealToDoUITests.swift; sourceTree = "<group>"; };
		14C287B52BF5276000C67F28 /* RealToDoUITestsLaunchTests.swift */ = {isa = PBXFileReference; lastKnownFileType = sourcecode.swift; path = RealToDoUITestsLaunchTests.swift; sourceTree = "<group>"; };
/* End PBXFileReference section */

/* Begin PBXFrameworksBuildPhase section */
		1483905A2BCC48E300C72FFE /* Frameworks */ = {
			isa = PBXFrameworksBuildPhase;
			buildActionMask = 2147483647;
			files = (
				148390782BCC4DC700C72FFE /* RealmSwift in Frameworks */,
			);
			runOnlyForDeploymentPostprocessing = 0;
		};
		14C287A12BED4DCE00C67F28 /* Frameworks */ = {
			isa = PBXFrameworksBuildPhase;
			buildActionMask = 2147483647;
			files = (
			);
			runOnlyForDeploymentPostprocessing = 0;
		};
		14C287AE2BF5276000C67F28 /* Frameworks */ = {
			isa = PBXFrameworksBuildPhase;
			buildActionMask = 2147483647;
			files = (
				14F441372BF52C56008490E5 /* Realm in Frameworks */,
			);
			runOnlyForDeploymentPostprocessing = 0;
		};
/* End PBXFrameworksBuildPhase section */

/* Begin PBXGroup section */
		142979EC2BD02299000686D5 /* Coordinator */ = {
			isa = PBXGroup;
			children = (
				142979EF2BD027A9000686D5 /* Coordinator.swift */,
				142979F12BD02805000686D5 /* AppCoordinator.swift */,
			);
			path = Coordinator;
			sourceTree = "<group>";
		};
		148390542BCC48E300C72FFE = {
			isa = PBXGroup;
			children = (
				1483905F2BCC48E300C72FFE /* RealToDo */,
				14C287A52BED4DCF00C67F28 /* RealToDoTests */,
				14C287B22BF5276000C67F28 /* RealToDoUITests */,
				1483905E2BCC48E300C72FFE /* Products */,
				14C287BC2BF52A7000C67F28 /* Frameworks */,
			);
			sourceTree = "<group>";
		};
		1483905E2BCC48E300C72FFE /* Products */ = {
			isa = PBXGroup;
			children = (
				1483905D2BCC48E300C72FFE /* RealToDo.app */,
				14C287A42BED4DCE00C67F28 /* RealToDoTests.xctest */,
				14C287B12BF5276000C67F28 /* RealToDoUITests.xctest */,
			);
			name = Products;
			sourceTree = "<group>";
		};
		1483905F2BCC48E300C72FFE /* RealToDo */ = {
			isa = PBXGroup;
			children = (
				142979EC2BD02299000686D5 /* Coordinator */,
				1483907B2BCC4E4700C72FFE /* View */,
				1483907A2BCC4E3000C72FFE /* ViewModel */,
				148390792BCC4E2600C72FFE /* Model */,
				148390802BCC583D00C72FFE /* PersistenceLayer */,
				148390622BCC48E300C72FFE /* SceneDelegate.swift */,
				148390602BCC48E300C72FFE /* AppDelegate.swift */,
				148390692BCC48E500C72FFE /* Assets.xcassets */,
				1483906B2BCC48E500C72FFE /* LaunchScreen.storyboard */,
				1483906E2BCC48E500C72FFE /* Info.plist */,
			);
			path = RealToDo;
			sourceTree = "<group>";
		};
		148390792BCC4E2600C72FFE /* Model */ = {
			isa = PBXGroup;
			children = (
				148390842BCC5DF700C72FFE /* TaskDTO.swift */,
				142979E42BCD989C000686D5 /* TaskRepository.swift */,
			);
			path = Model;
			sourceTree = "<group>";
		};
		1483907A2BCC4E3000C72FFE /* ViewModel */ = {
			isa = PBXGroup;
			children = (
				1483907E2BCC4EEF00C72FFE /* ListViewModel.swift */,
				142979ED2BD02771000686D5 /* TaskViewModel.swift */,
				142979E62BCEB8EC000686D5 /* Binding.swift */,
			);
			path = ViewModel;
			sourceTree = "<group>";
		};
		1483907B2BCC4E4700C72FFE /* View */ = {
			isa = PBXGroup;
			children = (
				148390642BCC48E300C72FFE /* ListViewController.swift */,
				142979EA2BD01B66000686D5 /* TaskViewController.swift */,
				1483907C2BCC4E7A00C72FFE /* TaskCell.swift */,
				142979E82BCEE56E000686D5 /* CheckBox.swift */,
			);
			path = View;
			sourceTree = "<group>";
		};
		148390802BCC583D00C72FFE /* PersistenceLayer */ = {
			isa = PBXGroup;
			children = (
				148390862BCC611700C72FFE /* StorageService.swift */,
				148390812BCC587500C72FFE /* TaskObject.swift */,
			);
			path = PersistenceLayer;
			sourceTree = "<group>";
		};
		14C287A52BED4DCF00C67F28 /* RealToDoTests */ = {
			isa = PBXGroup;
			children = (
				14C287A62BED4DCF00C67F28 /* RealToDoTests.swift */,
			);
			path = RealToDoTests;
			sourceTree = "<group>";
		};
		14C287B22BF5276000C67F28 /* RealToDoUITests */ = {
			isa = PBXGroup;
			children = (
				14C287B32BF5276000C67F28 /* RealToDoUITests.swift */,
				14C287B52BF5276000C67F28 /* RealToDoUITestsLaunchTests.swift */,
			);
			path = RealToDoUITests;
			sourceTree = "<group>";
		};
		14C287BC2BF52A7000C67F28 /* Frameworks */ = {
			isa = PBXGroup;
			children = (
			);
			name = Frameworks;
			sourceTree = "<group>";
		};
/* End PBXGroup section */

/* Begin PBXNativeTarget section */
		1483905C2BCC48E300C72FFE /* RealToDo */ = {
			isa = PBXNativeTarget;
			buildConfigurationList = 148390712BCC48E500C72FFE /* Build configuration list for PBXNativeTarget "RealToDo" */;
			buildPhases = (
				148390592BCC48E300C72FFE /* Sources */,
				1483905A2BCC48E300C72FFE /* Frameworks */,
				1483905B2BCC48E300C72FFE /* Resources */,
			);
			buildRules = (
			);
			dependencies = (
			);
			name = RealToDo;
			packageProductDependencies = (
				148390772BCC4DC700C72FFE /* RealmSwift */,
			);
			productName = RealToDo;
			productReference = 1483905D2BCC48E300C72FFE /* RealToDo.app */;
			productType = "com.apple.product-type.application";
		};
		14C287A32BED4DCE00C67F28 /* RealToDoTests */ = {
			isa = PBXNativeTarget;
			buildConfigurationList = 14C287AC2BED4DCF00C67F28 /* Build configuration list for PBXNativeTarget "RealToDoTests" */;
			buildPhases = (
				14C287A02BED4DCE00C67F28 /* Sources */,
				14C287A12BED4DCE00C67F28 /* Frameworks */,
				14C287A22BED4DCE00C67F28 /* Resources */,
				14F441312BF52BF1008490E5 /* Embed Frameworks */,
			);
			buildRules = (
			);
			dependencies = (
				14C287A92BED4DCF00C67F28 /* PBXTargetDependency */,
			);
			name = RealToDoTests;
			packageProductDependencies = (
			);
			productName = RealToDoTests;
			productReference = 14C287A42BED4DCE00C67F28 /* RealToDoTests.xctest */;
			productType = "com.apple.product-type.bundle.unit-test";
		};
		14C287B02BF5276000C67F28 /* RealToDoUITests */ = {
			isa = PBXNativeTarget;
			buildConfigurationList = 14C287B92BF5276000C67F28 /* Build configuration list for PBXNativeTarget "RealToDoUITests" */;
			buildPhases = (
				14C287AD2BF5276000C67F28 /* Sources */,
				14C287AE2BF5276000C67F28 /* Frameworks */,
				14C287AF2BF5276000C67F28 /* Resources */,
				14C287BF2BF52A7000C67F28 /* Embed Frameworks */,
			);
			buildRules = (
			);
			dependencies = (
				14C287B82BF5276000C67F28 /* PBXTargetDependency */,
			);
			name = RealToDoUITests;
			packageProductDependencies = (
				14F441362BF52C56008490E5 /* Realm */,
			);
			productName = RealToDoUITests;
			productReference = 14C287B12BF5276000C67F28 /* RealToDoUITests.xctest */;
			productType = "com.apple.product-type.bundle.ui-testing";
		};
/* End PBXNativeTarget section */

/* Begin PBXProject section */
		148390552BCC48E300C72FFE /* Project object */ = {
			isa = PBXProject;
			attributes = {
				BuildIndependentTargetsInParallel = 1;
				LastSwiftUpdateCheck = 1530;
				LastUpgradeCheck = 1510;
				TargetAttributes = {
					1483905C2BCC48E300C72FFE = {
						CreatedOnToolsVersion = 15.1;
					};
					14C287A32BED4DCE00C67F28 = {
						CreatedOnToolsVersion = 15.3;
						TestTargetID = 1483905C2BCC48E300C72FFE;
					};
					14C287B02BF5276000C67F28 = {
						CreatedOnToolsVersion = 15.3;
						TestTargetID = 1483905C2BCC48E300C72FFE;
					};
				};
			};
			buildConfigurationList = 148390582BCC48E300C72FFE /* Build configuration list for PBXProject "RealToDo" */;
			compatibilityVersion = "Xcode 14.0";
			developmentRegion = en;
			hasScannedForEncodings = 0;
			knownRegions = (
				en,
				Base,
			);
			mainGroup = 148390542BCC48E300C72FFE;
			packageReferences = (
				148390742BCC4DC700C72FFE /* XCRemoteSwiftPackageReference "realm-swift" */,
			);
			productRefGroup = 1483905E2BCC48E300C72FFE /* Products */;
			projectDirPath = "";
			projectRoot = "";
			targets = (
				1483905C2BCC48E300C72FFE /* RealToDo */,
				14C287A32BED4DCE00C67F28 /* RealToDoTests */,
				14C287B02BF5276000C67F28 /* RealToDoUITests */,
			);
		};
/* End PBXProject section */

/* Begin PBXResourcesBuildPhase section */
		1483905B2BCC48E300C72FFE /* Resources */ = {
			isa = PBXResourcesBuildPhase;
			buildActionMask = 2147483647;
			files = (
				1483906D2BCC48E500C72FFE /* LaunchScreen.storyboard in Resources */,
				1483906A2BCC48E500C72FFE /* Assets.xcassets in Resources */,
			);
			runOnlyForDeploymentPostprocessing = 0;
		};
		14C287A22BED4DCE00C67F28 /* Resources */ = {
			isa = PBXResourcesBuildPhase;
			buildActionMask = 2147483647;
			files = (
			);
			runOnlyForDeploymentPostprocessing = 0;
		};
		14C287AF2BF5276000C67F28 /* Resources */ = {
			isa = PBXResourcesBuildPhase;
			buildActionMask = 2147483647;
			files = (
			);
			runOnlyForDeploymentPostprocessing = 0;
		};
/* End PBXResourcesBuildPhase section */

/* Begin PBXSourcesBuildPhase section */
		148390592BCC48E300C72FFE /* Sources */ = {
			isa = PBXSourcesBuildPhase;
			buildActionMask = 2147483647;
			files = (
				1483907F2BCC4EEF00C72FFE /* ListViewModel.swift in Sources */,
				148390652BCC48E300C72FFE /* ListViewController.swift in Sources */,
				1483907D2BCC4E7A00C72FFE /* TaskCell.swift in Sources */,
				142979E92BCEE56E000686D5 /* CheckBox.swift in Sources */,
				148390612BCC48E300C72FFE /* AppDelegate.swift in Sources */,
				148390632BCC48E300C72FFE /* SceneDelegate.swift in Sources */,
				142979F02BD027A9000686D5 /* Coordinator.swift in Sources */,
				148390872BCC611700C72FFE /* StorageService.swift in Sources */,
				142979E52BCD989C000686D5 /* TaskRepository.swift in Sources */,
				148390822BCC587500C72FFE /* TaskObject.swift in Sources */,
				148390852BCC5DF700C72FFE /* TaskDTO.swift in Sources */,
				142979EB2BD01B66000686D5 /* TaskViewController.swift in Sources */,
				142979F22BD02805000686D5 /* AppCoordinator.swift in Sources */,
				142979EE2BD02771000686D5 /* TaskViewModel.swift in Sources */,
				142979E72BCEB8EC000686D5 /* Binding.swift in Sources */,
			);
			runOnlyForDeploymentPostprocessing = 0;
		};
		14C287A02BED4DCE00C67F28 /* Sources */ = {
			isa = PBXSourcesBuildPhase;
			buildActionMask = 2147483647;
			files = (
				14C287A72BED4DCF00C67F28 /* RealToDoTests.swift in Sources */,
			);
			runOnlyForDeploymentPostprocessing = 0;
		};
		14C287AD2BF5276000C67F28 /* Sources */ = {
			isa = PBXSourcesBuildPhase;
			buildActionMask = 2147483647;
			files = (
				14C287B62BF5276000C67F28 /* RealToDoUITestsLaunchTests.swift in Sources */,
				14C287B42BF5276000C67F28 /* RealToDoUITests.swift in Sources */,
			);
			runOnlyForDeploymentPostprocessing = 0;
		};
/* End PBXSourcesBuildPhase section */

/* Begin PBXTargetDependency section */
		14C287A92BED4DCF00C67F28 /* PBXTargetDependency */ = {
			isa = PBXTargetDependency;
			target = 1483905C2BCC48E300C72FFE /* RealToDo */;
			targetProxy = 14C287A82BED4DCF00C67F28 /* PBXContainerItemProxy */;
		};
		14C287B82BF5276000C67F28 /* PBXTargetDependency */ = {
			isa = PBXTargetDependency;
			target = 1483905C2BCC48E300C72FFE /* RealToDo */;
			targetProxy = 14C287B72BF5276000C67F28 /* PBXContainerItemProxy */;
		};
/* End PBXTargetDependency section */

/* Begin PBXVariantGroup section */
		1483906B2BCC48E500C72FFE /* LaunchScreen.storyboard */ = {
			isa = PBXVariantGroup;
			children = (
				1483906C2BCC48E500C72FFE /* Base */,
			);
			name = LaunchScreen.storyboard;
			sourceTree = "<group>";
		};
/* End PBXVariantGroup section */

/* Begin XCBuildConfiguration section */
		1483906F2BCC48E500C72FFE /* Debug */ = {
			isa = XCBuildConfiguration;
			buildSettings = {
				ALWAYS_SEARCH_USER_PATHS = NO;
				ASSETCATALOG_COMPILER_GENERATE_SWIFT_ASSET_SYMBOL_EXTENSIONS = YES;
				CLANG_ANALYZER_NONNULL = YES;
				CLANG_ANALYZER_NUMBER_OBJECT_CONVERSION = YES_AGGRESSIVE;
				CLANG_CXX_LANGUAGE_STANDARD = "gnu++20";
				CLANG_ENABLE_MODULES = YES;
				CLANG_ENABLE_OBJC_ARC = YES;
				CLANG_ENABLE_OBJC_WEAK = YES;
				CLANG_WARN_BLOCK_CAPTURE_AUTORELEASING = YES;
				CLANG_WARN_BOOL_CONVERSION = YES;
				CLANG_WARN_COMMA = YES;
				CLANG_WARN_CONSTANT_CONVERSION = YES;
				CLANG_WARN_DEPRECATED_OBJC_IMPLEMENTATIONS = YES;
				CLANG_WARN_DIRECT_OBJC_ISA_USAGE = YES_ERROR;
				CLANG_WARN_DOCUMENTATION_COMMENTS = YES;
				CLANG_WARN_EMPTY_BODY = YES;
				CLANG_WARN_ENUM_CONVERSION = YES;
				CLANG_WARN_INFINITE_RECURSION = YES;
				CLANG_WARN_INT_CONVERSION = YES;
				CLANG_WARN_NON_LITERAL_NULL_CONVERSION = YES;
				CLANG_WARN_OBJC_IMPLICIT_RETAIN_SELF = YES;
				CLANG_WARN_OBJC_LITERAL_CONVERSION = YES;
				CLANG_WARN_OBJC_ROOT_CLASS = YES_ERROR;
				CLANG_WARN_QUOTED_INCLUDE_IN_FRAMEWORK_HEADER = YES;
				CLANG_WARN_RANGE_LOOP_ANALYSIS = YES;
				CLANG_WARN_STRICT_PROTOTYPES = YES;
				CLANG_WARN_SUSPICIOUS_MOVE = YES;
				CLANG_WARN_UNGUARDED_AVAILABILITY = YES_AGGRESSIVE;
				CLANG_WARN_UNREACHABLE_CODE = YES;
				CLANG_WARN__DUPLICATE_METHOD_MATCH = YES;
				COPY_PHASE_STRIP = NO;
				DEBUG_INFORMATION_FORMAT = dwarf;
				ENABLE_STRICT_OBJC_MSGSEND = YES;
				ENABLE_TESTABILITY = YES;
				ENABLE_USER_SCRIPT_SANDBOXING = YES;
				GCC_C_LANGUAGE_STANDARD = gnu17;
				GCC_DYNAMIC_NO_PIC = NO;
				GCC_NO_COMMON_BLOCKS = YES;
				GCC_OPTIMIZATION_LEVEL = 0;
				GCC_PREPROCESSOR_DEFINITIONS = (
					"DEBUG=1",
					"$(inherited)",
				);
				GCC_WARN_64_TO_32_BIT_CONVERSION = YES;
				GCC_WARN_ABOUT_RETURN_TYPE = YES_ERROR;
				GCC_WARN_UNDECLARED_SELECTOR = YES;
				GCC_WARN_UNINITIALIZED_AUTOS = YES_AGGRESSIVE;
				GCC_WARN_UNUSED_FUNCTION = YES;
				GCC_WARN_UNUSED_VARIABLE = YES;
				IPHONEOS_DEPLOYMENT_TARGET = 17.2;
				LOCALIZATION_PREFERS_STRING_CATALOGS = YES;
				MTL_ENABLE_DEBUG_INFO = INCLUDE_SOURCE;
				MTL_FAST_MATH = YES;
				ONLY_ACTIVE_ARCH = YES;
				SDKROOT = iphoneos;
				SWIFT_ACTIVE_COMPILATION_CONDITIONS = "DEBUG $(inherited)";
				SWIFT_OPTIMIZATION_LEVEL = "-Onone";
			};
			name = Debug;
		};
		148390702BCC48E500C72FFE /* Release */ = {
			isa = XCBuildConfiguration;
			buildSettings = {
				ALWAYS_SEARCH_USER_PATHS = NO;
				ASSETCATALOG_COMPILER_GENERATE_SWIFT_ASSET_SYMBOL_EXTENSIONS = YES;
				CLANG_ANALYZER_NONNULL = YES;
				CLANG_ANALYZER_NUMBER_OBJECT_CONVERSION = YES_AGGRESSIVE;
				CLANG_CXX_LANGUAGE_STANDARD = "gnu++20";
				CLANG_ENABLE_MODULES = YES;
				CLANG_ENABLE_OBJC_ARC = YES;
				CLANG_ENABLE_OBJC_WEAK = YES;
				CLANG_WARN_BLOCK_CAPTURE_AUTORELEASING = YES;
				CLANG_WARN_BOOL_CONVERSION = YES;
				CLANG_WARN_COMMA = YES;
				CLANG_WARN_CONSTANT_CONVERSION = YES;
				CLANG_WARN_DEPRECATED_OBJC_IMPLEMENTATIONS = YES;
				CLANG_WARN_DIRECT_OBJC_ISA_USAGE = YES_ERROR;
				CLANG_WARN_DOCUMENTATION_COMMENTS = YES;
				CLANG_WARN_EMPTY_BODY = YES;
				CLANG_WARN_ENUM_CONVERSION = YES;
				CLANG_WARN_INFINITE_RECURSION = YES;
				CLANG_WARN_INT_CONVERSION = YES;
				CLANG_WARN_NON_LITERAL_NULL_CONVERSION = YES;
				CLANG_WARN_OBJC_IMPLICIT_RETAIN_SELF = YES;
				CLANG_WARN_OBJC_LITERAL_CONVERSION = YES;
				CLANG_WARN_OBJC_ROOT_CLASS = YES_ERROR;
				CLANG_WARN_QUOTED_INCLUDE_IN_FRAMEWORK_HEADER = YES;
				CLANG_WARN_RANGE_LOOP_ANALYSIS = YES;
				CLANG_WARN_STRICT_PROTOTYPES = YES;
				CLANG_WARN_SUSPICIOUS_MOVE = YES;
				CLANG_WARN_UNGUARDED_AVAILABILITY = YES_AGGRESSIVE;
				CLANG_WARN_UNREACHABLE_CODE = YES;
				CLANG_WARN__DUPLICATE_METHOD_MATCH = YES;
				COPY_PHASE_STRIP = NO;
				DEBUG_INFORMATION_FORMAT = "dwarf-with-dsym";
				ENABLE_NS_ASSERTIONS = NO;
				ENABLE_STRICT_OBJC_MSGSEND = YES;
				ENABLE_USER_SCRIPT_SANDBOXING = YES;
				GCC_C_LANGUAGE_STANDARD = gnu17;
				GCC_NO_COMMON_BLOCKS = YES;
				GCC_WARN_64_TO_32_BIT_CONVERSION = YES;
				GCC_WARN_ABOUT_RETURN_TYPE = YES_ERROR;
				GCC_WARN_UNDECLARED_SELECTOR = YES;
				GCC_WARN_UNINITIALIZED_AUTOS = YES_AGGRESSIVE;
				GCC_WARN_UNUSED_FUNCTION = YES;
				GCC_WARN_UNUSED_VARIABLE = YES;
				IPHONEOS_DEPLOYMENT_TARGET = 17.2;
				LOCALIZATION_PREFERS_STRING_CATALOGS = YES;
				MTL_ENABLE_DEBUG_INFO = NO;
				MTL_FAST_MATH = YES;
				SDKROOT = iphoneos;
				SWIFT_COMPILATION_MODE = wholemodule;
				VALIDATE_PRODUCT = YES;
			};
			name = Release;
		};
		148390722BCC48E500C72FFE /* Debug */ = {
			isa = XCBuildConfiguration;
			buildSettings = {
				ASSETCATALOG_COMPILER_APPICON_NAME = AppIcon;
				ASSETCATALOG_COMPILER_GLOBAL_ACCENT_COLOR_NAME = AccentColor;
				CODE_SIGN_STYLE = Automatic;
				CURRENT_PROJECT_VERSION = 1;
				GENERATE_INFOPLIST_FILE = YES;
				INFOPLIST_FILE = RealToDo/Info.plist;
				INFOPLIST_KEY_UIApplicationSupportsIndirectInputEvents = YES;
				INFOPLIST_KEY_UILaunchStoryboardName = LaunchScreen;
				INFOPLIST_KEY_UIMainStoryboardFile = "";
				INFOPLIST_KEY_UISupportedInterfaceOrientations = UIInterfaceOrientationPortrait;
				INFOPLIST_KEY_UISupportedInterfaceOrientations_iPad = "UIInterfaceOrientationLandscapeLeft UIInterfaceOrientationLandscapeRight UIInterfaceOrientationPortrait";
				LD_RUNPATH_SEARCH_PATHS = (
					"$(inherited)",
					"@executable_path/Frameworks",
				);
				MARKETING_VERSION = 1.0;
				PRODUCT_BUNDLE_IDENTIFIER = rusl.RealToDo;
				PRODUCT_NAME = "$(TARGET_NAME)";
				SWIFT_EMIT_LOC_STRINGS = YES;
				SWIFT_VERSION = 5.0;
				TARGETED_DEVICE_FAMILY = "1,2";
			};
			name = Debug;
		};
		148390732BCC48E500C72FFE /* Release */ = {
			isa = XCBuildConfiguration;
			buildSettings = {
				ASSETCATALOG_COMPILER_APPICON_NAME = AppIcon;
				ASSETCATALOG_COMPILER_GLOBAL_ACCENT_COLOR_NAME = AccentColor;
				CODE_SIGN_STYLE = Automatic;
				CURRENT_PROJECT_VERSION = 1;
				GENERATE_INFOPLIST_FILE = YES;
				INFOPLIST_FILE = RealToDo/Info.plist;
				INFOPLIST_KEY_UIApplicationSupportsIndirectInputEvents = YES;
				INFOPLIST_KEY_UILaunchStoryboardName = LaunchScreen;
				INFOPLIST_KEY_UIMainStoryboardFile = "";
				INFOPLIST_KEY_UISupportedInterfaceOrientations = UIInterfaceOrientationPortrait;
				INFOPLIST_KEY_UISupportedInterfaceOrientations_iPad = "UIInterfaceOrientationLandscapeLeft UIInterfaceOrientationLandscapeRight UIInterfaceOrientationPortrait";
				LD_RUNPATH_SEARCH_PATHS = (
					"$(inherited)",
					"@executable_path/Frameworks",
				);
				MARKETING_VERSION = 1.0;
				PRODUCT_BUNDLE_IDENTIFIER = rusl.RealToDo;
				PRODUCT_NAME = "$(TARGET_NAME)";
				SWIFT_EMIT_LOC_STRINGS = YES;
				SWIFT_VERSION = 5.0;
				TARGETED_DEVICE_FAMILY = "1,2";
			};
			name = Release;
		};
		14C287AA2BED4DCF00C67F28 /* Debug */ = {
			isa = XCBuildConfiguration;
			buildSettings = {
				BUNDLE_LOADER = "$(TEST_HOST)";
				CODE_SIGN_STYLE = Automatic;
				CURRENT_PROJECT_VERSION = 1;
				GENERATE_INFOPLIST_FILE = YES;
				IPHONEOS_DEPLOYMENT_TARGET = 17.2;
				MARKETING_VERSION = 1.0;
				PRODUCT_BUNDLE_IDENTIFIER = rusl.RealToDoTests;
				PRODUCT_NAME = "$(TARGET_NAME)";
				SWIFT_EMIT_LOC_STRINGS = NO;
				SWIFT_VERSION = 5.0;
				TARGETED_DEVICE_FAMILY = "1,2";
				TEST_HOST = "$(BUILT_PRODUCTS_DIR)/RealToDo.app/$(BUNDLE_EXECUTABLE_FOLDER_PATH)/RealToDo";
			};
			name = Debug;
		};
		14C287AB2BED4DCF00C67F28 /* Release */ = {
			isa = XCBuildConfiguration;
			buildSettings = {
				BUNDLE_LOADER = "$(TEST_HOST)";
				CODE_SIGN_STYLE = Automatic;
				CURRENT_PROJECT_VERSION = 1;
				GENERATE_INFOPLIST_FILE = YES;
				IPHONEOS_DEPLOYMENT_TARGET = 17.2;
				MARKETING_VERSION = 1.0;
				PRODUCT_BUNDLE_IDENTIFIER = rusl.RealToDoTests;
				PRODUCT_NAME = "$(TARGET_NAME)";
				SWIFT_EMIT_LOC_STRINGS = NO;
				SWIFT_VERSION = 5.0;
				TARGETED_DEVICE_FAMILY = "1,2";
				TEST_HOST = "$(BUILT_PRODUCTS_DIR)/RealToDo.app/$(BUNDLE_EXECUTABLE_FOLDER_PATH)/RealToDo";
			};
			name = Release;
		};
		14C287BA2BF5276000C67F28 /* Debug */ = {
			isa = XCBuildConfiguration;
			buildSettings = {
				CODE_SIGN_STYLE = Automatic;
				CURRENT_PROJECT_VERSION = 1;
				GENERATE_INFOPLIST_FILE = YES;
				IPHONEOS_DEPLOYMENT_TARGET = 17.2;
				MARKETING_VERSION = 1.0;
				PRODUCT_BUNDLE_IDENTIFIER = rusl.RealToDoUITests;
				PRODUCT_NAME = "$(TARGET_NAME)";
				SWIFT_EMIT_LOC_STRINGS = NO;
				SWIFT_VERSION = 5.0;
				TARGETED_DEVICE_FAMILY = "1,2";
				TEST_TARGET_NAME = RealToDo;
			};
			name = Debug;
		};
		14C287BB2BF5276000C67F28 /* Release */ = {
			isa = XCBuildConfiguration;
			buildSettings = {
				CODE_SIGN_STYLE = Automatic;
				CURRENT_PROJECT_VERSION = 1;
				GENERATE_INFOPLIST_FILE = YES;
				IPHONEOS_DEPLOYMENT_TARGET = 17.2;
				MARKETING_VERSION = 1.0;
				PRODUCT_BUNDLE_IDENTIFIER = rusl.RealToDoUITests;
				PRODUCT_NAME = "$(TARGET_NAME)";
				SWIFT_EMIT_LOC_STRINGS = NO;
				SWIFT_VERSION = 5.0;
				TARGETED_DEVICE_FAMILY = "1,2";
				TEST_TARGET_NAME = RealToDo;
			};
			name = Release;
		};
/* End XCBuildConfiguration section */

/* Begin XCConfigurationList section */
		148390582BCC48E300C72FFE /* Build configuration list for PBXProject "RealToDo" */ = {
			isa = XCConfigurationList;
			buildConfigurations = (
				1483906F2BCC48E500C72FFE /* Debug */,
				148390702BCC48E500C72FFE /* Release */,
			);
			defaultConfigurationIsVisible = 0;
			defaultConfigurationName = Release;
		};
		148390712BCC48E500C72FFE /* Build configuration list for PBXNativeTarget "RealToDo" */ = {
			isa = XCConfigurationList;
			buildConfigurations = (
				148390722BCC48E500C72FFE /* Debug */,
				148390732BCC48E500C72FFE /* Release */,
			);
			defaultConfigurationIsVisible = 0;
			defaultConfigurationName = Release;
		};
		14C287AC2BED4DCF00C67F28 /* Build configuration list for PBXNativeTarget "RealToDoTests" */ = {
			isa = XCConfigurationList;
			buildConfigurations = (
				14C287AA2BED4DCF00C67F28 /* Debug */,
				14C287AB2BED4DCF00C67F28 /* Release */,
			);
			defaultConfigurationIsVisible = 0;
			defaultConfigurationName = Release;
		};
		14C287B92BF5276000C67F28 /* Build configuration list for PBXNativeTarget "RealToDoUITests" */ = {
			isa = XCConfigurationList;
			buildConfigurations = (
				14C287BA2BF5276000C67F28 /* Debug */,
				14C287BB2BF5276000C67F28 /* Release */,
			);
			defaultConfigurationIsVisible = 0;
			defaultConfigurationName = Release;
		};
/* End XCConfigurationList section */

/* Begin XCRemoteSwiftPackageReference section */
		148390742BCC4DC700C72FFE /* XCRemoteSwiftPackageReference "realm-swift" */ = {
			isa = XCRemoteSwiftPackageReference;
			repositoryURL = "https://github.com/realm/realm-swift";
			requirement = {
				kind = upToNextMajorVersion;
				minimumVersion = 10.49.1;
			};
		};
/* End XCRemoteSwiftPackageReference section */

/* Begin XCSwiftPackageProductDependency section */
		148390772BCC4DC700C72FFE /* RealmSwift */ = {
			isa = XCSwiftPackageProductDependency;
			package = 148390742BCC4DC700C72FFE /* XCRemoteSwiftPackageReference "realm-swift" */;
			productName = RealmSwift;
		};
		14F441362BF52C56008490E5 /* Realm */ = {
			isa = XCSwiftPackageProductDependency;
			package = 148390742BCC4DC700C72FFE /* XCRemoteSwiftPackageReference "realm-swift" */;
			productName = Realm;
		};
/* End XCSwiftPackageProductDependency section */
	};
	rootObject = 148390552BCC48E300C72FFE /* Project object */;
}
